
Microsoft Visual Studio Solution File, Format Version 12.00
# Visual Studio Version 17
VisualStudioVersion = 17.14.36301.6 d17.14
MinimumVisualStudioVersion = 10.0.40219.1
Project("{FAE04EC0-301F-11D3-BF4B-00C04F79EFBC}") = "LatihanMethod12", "LatihanMethod12\LatihanMethod12.csproj", "{FC5FA3A4-147A-44C4-B4F5-9394B9B63AD9}"
EndProject
Global
	GlobalSection(SolutionConfigurationPlatforms) = preSolution
		Debug|Any CPU = Debug|Any CPU
		Release|Any CPU = Release|Any CPU
	EndGlobalSection
	GlobalSection(ProjectConfigurationPlatforms) = postSolution
		{FC5FA3A4-147A-44C4-B4F5-9394B9B63AD9}.Debug|Any CPU.ActiveCfg = Debug|Any CPU
		{FC5FA3A4-147A-44C4-B4F5-9394B9B63AD9}.Debug|Any CPU.Build.0 = Debug|Any CPU
		{FC5FA3A4-147A-44C4-B4F5-9394B9B63AD9}.Release|Any CPU.ActiveCfg = Release|Any CPU
		{FC5FA3A4-147A-44C4-B4F5-9394B9B63AD9}.Release|Any CPU.Build.0 = Release|Any CPU
	EndGlobalSection
	GlobalSection(SolutionProperties) = preSolution
		HideSolutionNode = FALSE
	EndGlobalSection
	GlobalSection(ExtensibilityGlobals) = postSolution
		SolutionGuid = {E4E71828-BBA2-4BE6-9794-921475BBAB94}
	EndGlobalSection
EndGlobal
